
Microsoft Visual Studio Solution File, Format Version 12.00
# Visual Studio Version 17
VisualStudioVersion = 17.0.32014.148
MinimumVisualStudioVersion = 10.0.40219.1
Project("{9A19103F-16F7-4668-BE54-9A1E7A4F7556}") = "Para.Server", "Para.Server\Para.Server.csproj", "{36860262-5729-4BBB-805A-2EC4AE8618A0}"
	ProjectSection(ProjectDependencies) = postProject
		{3EEEF845-B5BD-40DB-904A-0C9DC4A7593C} = {3EEEF845-B5BD-40DB-904A-0C9DC4A7593C}
	EndProjectSection
EndProject
Project("{9A19103F-16F7-4668-BE54-9A1E7A4F7556}") = "Para.Shared", "Para.Shared\Para.Shared.csproj", "{9C2F677A-708C-40F8-B758-28A056BAC809}"
EndProject
Project("{9A19103F-16F7-4668-BE54-9A1E7A4F7556}") = "Para.Client", "Para.Client\Para.Client.csproj", "{3EEEF845-B5BD-40DB-904A-0C9DC4A7593C}"
EndProject
Global
	GlobalSection(SolutionConfigurationPlatforms) = preSolution
		Debug|Any CPU = Debug|Any CPU
		Release|Any CPU = Release|Any CPU
	EndGlobalSection
	GlobalSection(ProjectConfigurationPlatforms) = postSolution
		{36860262-5729-4BBB-805A-2EC4AE8618A0}.Debug|Any CPU.ActiveCfg = Debug|Any CPU
		{36860262-5729-4BBB-805A-2EC4AE8618A0}.Debug|Any CPU.Build.0 = Debug|Any CPU
		{36860262-5729-4BBB-805A-2EC4AE8618A0}.Release|Any CPU.ActiveCfg = Release|Any CPU
		{36860262-5729-4BBB-805A-2EC4AE8618A0}.Release|Any CPU.Build.0 = Release|Any CPU
		{9C2F677A-708C-40F8-B758-28A056BAC809}.Debug|Any CPU.ActiveCfg = Debug|Any CPU
		{9C2F677A-708C-40F8-B758-28A056BAC809}.Debug|Any CPU.Build.0 = Debug|Any CPU
		{9C2F677A-708C-40F8-B758-28A056BAC809}.Release|Any CPU.ActiveCfg = Release|Any CPU
		{9C2F677A-708C-40F8-B758-28A056BAC809}.Release|Any CPU.Build.0 = Release|Any CPU
		{3EEEF845-B5BD-40DB-904A-0C9DC4A7593C}.Debug|Any CPU.ActiveCfg = Debug|Any CPU
		{3EEEF845-B5BD-40DB-904A-0C9DC4A7593C}.Debug|Any CPU.Build.0 = Debug|Any CPU
		{3EEEF845-B5BD-40DB-904A-0C9DC4A7593C}.Release|Any CPU.ActiveCfg = Release|Any CPU
		{3EEEF845-B5BD-40DB-904A-0C9DC4A7593C}.Release|Any CPU.Build.0 = Release|Any CPU
	EndGlobalSection
	GlobalSection(SolutionProperties) = preSolution
		HideSolutionNode = FALSE
	EndGlobalSection
	GlobalSection(ExtensibilityGlobals) = postSolution
		SolutionGuid = {31E669F0-AC03-4BCB-ADDD-F39C1857B30E}
	EndGlobalSection
EndGlobal
